
Microsoft Visual Studio Solution File, Format Version 12.00
# Visual Studio 15
Project("{FAE04EC0-301F-11D3-BF4B-00C04F79EFBC}") = "LinkedListLibrary", "LinkedListLibrary\LinkedListLibrary.csproj", "{5DF613F8-D23B-44C3-B0D2-9D5A633ECCB2}"
EndProject
Project("{FAE04EC0-301F-11D3-BF4B-00C04F79EFBC}") = "RunLinkedListLibrary", "RunLinkedListLibrary\RunLinkedListLibrary.csproj", "{CA4D8A81-5206-40CB-B446-8F971056333A}"
EndProject
Project("{FAE04EC0-301F-11D3-BF4B-00C04F79EFBC}") = "LinkedListLibraryTests", "LinkedListLibraryTests\LinkedListLibraryTests.csproj", "{00C49B6F-A4B6-4BCE-9C82-BD792789EF79}"
EndProject
Global
	GlobalSection(SolutionConfigurationPlatforms) = preSolution
		Debug|Any CPU = Debug|Any CPU
		Release|Any CPU = Release|Any CPU
	EndGlobalSection
	GlobalSection(ProjectConfigurationPlatforms) = postSolution
		{5DF613F8-D23B-44C3-B0D2-9D5A633ECCB2}.Debug|Any CPU.ActiveCfg = Debug|Any CPU
		{5DF613F8-D23B-44C3-B0D2-9D5A633ECCB2}.Debug|Any CPU.Build.0 = Debug|Any CPU
		{5DF613F8-D23B-44C3-B0D2-9D5A633ECCB2}.Release|Any CPU.ActiveCfg = Release|Any CPU
		{5DF613F8-D23B-44C3-B0D2-9D5A633ECCB2}.Release|Any CPU.Build.0 = Release|Any CPU
		{CA4D8A81-5206-40CB-B446-8F971056333A}.Debug|Any CPU.ActiveCfg = Debug|Any CPU
		{CA4D8A81-5206-40CB-B446-8F971056333A}.Debug|Any CPU.Build.0 = Debug|Any CPU
		{CA4D8A81-5206-40CB-B446-8F971056333A}.Release|Any CPU.ActiveCfg = Release|Any CPU
		{CA4D8A81-5206-40CB-B446-8F971056333A}.Release|Any CPU.Build.0 = Release|Any CPU
		{00C49B6F-A4B6-4BCE-9C82-BD792789EF79}.Debug|Any CPU.ActiveCfg = Debug|Any CPU
		{00C49B6F-A4B6-4BCE-9C82-BD792789EF79}.Debug|Any CPU.Build.0 = Debug|Any CPU
		{00C49B6F-A4B6-4BCE-9C82-BD792789EF79}.Release|Any CPU.ActiveCfg = Release|Any CPU
		{00C49B6F-A4B6-4BCE-9C82-BD792789EF79}.Release|Any CPU.Build.0 = Release|Any CPU
	EndGlobalSection
EndGlobal
